
Microsoft Visual Studio Solution File, Format Version 12.00
# Visual Studio Version 16
VisualStudioVersion = 16.0.32228.343
MinimumVisualStudioVersion = 10.0.40219.1
Project("{FAE04EC0-301F-11D3-BF4B-00C04F79EFBC}") = "CRUD-Alumnos", "CRUD-Alumnos.csproj", "{0C5DDA34-B000-4B4C-B42F-C2E946FD786F}"
EndProject
Global
	GlobalSection(SolutionConfigurationPlatforms) = preSolution
		Debug|Any CPU = Debug|Any CPU
		Release|Any CPU = Release|Any CPU
	EndGlobalSection
	GlobalSection(ProjectConfigurationPlatforms) = postSolution
		{0C5DDA34-B000-4B4C-B42F-C2E946FD786F}.Debug|Any CPU.ActiveCfg = Debug|Any CPU
		{0C5DDA34-B000-4B4C-B42F-C2E946FD786F}.Debug|Any CPU.Build.0 = Debug|Any CPU
		{0C5DDA34-B000-4B4C-B42F-C2E946FD786F}.Release|Any CPU.ActiveCfg = Release|Any CPU
		{0C5DDA34-B000-4B4C-B42F-C2E946FD786F}.Release|Any CPU.Build.0 = Release|Any CPU
	EndGlobalSection
	GlobalSection(SolutionProperties) = preSolution
		HideSolutionNode = FALSE
	EndGlobalSection
	GlobalSection(ExtensibilityGlobals) = postSolution
		SolutionGuid = {5CE57A7F-A860-413B-BCEB-69B5CC7621D6}
	EndGlobalSection
EndGlobal
